
Microsoft Visual Studio Solution File, Format Version 12.00
# Visual Studio Version 17
VisualStudioVersion = 17.8.34004.107
MinimumVisualStudioVersion = 15.0.26124.0
Project("{2150E333-8FDC-42A3-9474-1A3956D46DE8}") = "src", "src", "{C2DD6A0D-F994-42A4-BAFF-1FB972850229}"
	ProjectSection(SolutionItems) = preProject
		src\Directory.Build.props = src\Directory.Build.props
	EndProjectSection
EndProject
Project("{9A19103F-16F7-4668-BE54-9A1E7A4F7556}") = "ForEvolve.ExceptionMapper", "src\ForEvolve.ExceptionMapper\ForEvolve.ExceptionMapper.csproj", "{06C42E2C-A4DB-4CA8-870E-EA84727DF28C}"
EndProject
Project("{2150E333-8FDC-42A3-9474-1A3956D46DE8}") = "test", "test", "{F5AE538B-E864-425E-959A-7ED49533482E}"
	ProjectSection(SolutionItems) = preProject
		test\Directory.Build.props = test\Directory.Build.props
	EndProjectSection
EndProject
Project("{9A19103F-16F7-4668-BE54-9A1E7A4F7556}") = "ForEvolve.ExceptionMapper.Tests", "test\ForEvolve.ExceptionMapper.Tests\ForEvolve.ExceptionMapper.Tests.csproj", "{241913CB-0426-4709-A3CF-00665C400DE5}"
EndProject
Project("{2150E333-8FDC-42A3-9474-1A3956D46DE8}") = "Solution Items", "Solution Items", "{6EB72298-998C-41BA-8FE1-E3FDD71E5870}"
	ProjectSection(SolutionItems) = preProject
		.editorconfig = .editorconfig
		Directory.Build.props = Directory.Build.props
	EndProjectSection
EndProject
Project("{9A19103F-16F7-4668-BE54-9A1E7A4F7556}") = "ForEvolve.ExceptionMapper.CommonExceptions", "src\ForEvolve.ExceptionMapper.CommonExceptions\ForEvolve.ExceptionMapper.CommonExceptions.csproj", "{E3E588AC-0B8B-4007-8680-95DBBC33457A}"
EndProject
Project("{9A19103F-16F7-4668-BE54-9A1E7A4F7556}") = "ForEvolve.ExceptionMapper.CommonExceptions.Tests", "test\ForEvolve.ExceptionMapper.CommonExceptions.Tests\ForEvolve.ExceptionMapper.CommonExceptions.Tests.csproj", "{00B82E0C-D20C-480B-8F66-9E05CA21D983}"
EndProject
Project("{2150E333-8FDC-42A3-9474-1A3956D46DE8}") = "samples", "samples", "{B236C0BC-2FEF-4F68-8EE3-A6281924D00F}"
EndProject
Project("{9A19103F-16F7-4668-BE54-9A1E7A4F7556}") = "ForEvolve.ExceptionMapper.FluentMapper", "src\ForEvolve.ExceptionMapper.FluentMapper\ForEvolve.ExceptionMapper.FluentMapper.csproj", "{AEEE6909-2811-405C-AEF0-318DF182373F}"
EndProject
Project("{9A19103F-16F7-4668-BE54-9A1E7A4F7556}") = "ForEvolve.ExceptionMapper.FluentMapper.Tests", "test\ForEvolve.ExceptionMapper.FluentMapper.Tests\ForEvolve.ExceptionMapper.FluentMapper.Tests.csproj", "{DE7D40BC-C533-4FFB-B920-F918BD64A99B}"
EndProject
Project("{9A19103F-16F7-4668-BE54-9A1E7A4F7556}") = "ForEvolve.ExceptionMapper.Core", "src\ForEvolve.ExceptionMapper.Core\ForEvolve.ExceptionMapper.Core.csproj", "{7D0F6B4A-5938-46C1-997B-0B0F75C05A54}"
EndProject
Project("{9A19103F-16F7-4668-BE54-9A1E7A4F7556}") = "ForEvolve.ExceptionMapper.Core.Tests", "test\ForEvolve.ExceptionMapper.Core.Tests\ForEvolve.ExceptionMapper.Core.Tests.csproj", "{4FB70CDD-C460-4818-ABF8-BDE8E0C491B6}"
EndProject
Project("{9A19103F-16F7-4668-BE54-9A1E7A4F7556}") = "ForEvolve.ExceptionMapper.HttpMiddleware", "src\ForEvolve.ExceptionMapper.HttpMiddleware\ForEvolve.ExceptionMapper.HttpMiddleware.csproj", "{4801A0E9-CA6B-458F-B0A5-55472EFECF08}"
EndProject
Project("{9A19103F-16F7-4668-BE54-9A1E7A4F7556}") = "ForEvolve.ExceptionMapper.HttpMiddleware.Tests", "test\ForEvolve.ExceptionMapper.HttpMiddleware.Tests\ForEvolve.ExceptionMapper.HttpMiddleware.Tests.csproj", "{36BF7049-1E94-4B03-9F2A-94EC76747A37}"
EndProject
Project("{9A19103F-16F7-4668-BE54-9A1E7A4F7556}") = "ForEvolve.ExceptionMapper.Scrutor", "src\ForEvolve.ExceptionMapper.Scrutor\ForEvolve.ExceptionMapper.Scrutor.csproj", "{7DE932E7-AA2F-4D80-A616-36FC8233020E}"
EndProject
Project("{9A19103F-16F7-4668-BE54-9A1E7A4F7556}") = "ForEvolve.ExceptionMapper.Scrutor.Tests", "test\ForEvolve.ExceptionMapper.Scrutor.Tests\ForEvolve.ExceptionMapper.Scrutor.Tests.csproj", "{9789A9A9-9C27-4E6F-B333-B0B2488637C6}"
EndProject
Project("{9A19103F-16F7-4668-BE54-9A1E7A4F7556}") = "WebApi.HttpMiddleware", "samples\WebApi.HttpMiddleware\WebApi.HttpMiddleware.csproj", "{EDF69289-5307-47D2-BD53-C5E523B69F6E}"
EndProject
Project("{9A19103F-16F7-4668-BE54-9A1E7A4F7556}") = "ForEvolve.ExceptionMapper.CommonHttpExceptionHandlers", "src\ForEvolve.ExceptionMapper.CommonHttpExceptionHandlers\ForEvolve.ExceptionMapper.CommonHttpExceptionHandlers.csproj", "{E29EF017-7E0B-4F20-A1D3-08FA22EA05AD}"
EndProject
Project("{9A19103F-16F7-4668-BE54-9A1E7A4F7556}") = "ForEvolve.ExceptionMapper.CommonHttpExceptionHandlers.Tests", "test\ForEvolve.ExceptionMapper.CommonHttpExceptionHandlers.Tests\ForEvolve.ExceptionMapper.CommonHttpExceptionHandlers.Tests.csproj", "{CED04BA2-6293-48D9-92D4-33D58CBB5B56}"
EndProject
Project("{9A19103F-16F7-4668-BE54-9A1E7A4F7556}") = "WebApi.Shared", "samples\WebApi.Shared\WebApi.Shared.csproj", "{A5051881-D65D-4FB7-9E9C-D10FF48E54E1}"
EndProject
Project("{9A19103F-16F7-4668-BE54-9A1E7A4F7556}") = "ForEvolve.ExceptionMapper.Serialization.Json", "src\ForEvolve.ExceptionMapper.Serialization.Json\ForEvolve.ExceptionMapper.Serialization.Json.csproj", "{FB8BAD2F-F09C-486F-9461-40ECCCB17A37}"
EndProject
Project("{9A19103F-16F7-4668-BE54-9A1E7A4F7556}") = "ForEvolve.ExceptionMapper.Serialization.Json.Tests", "test\ForEvolve.ExceptionMapper.Serialization.Json.Tests\ForEvolve.ExceptionMapper.Serialization.Json.Tests.csproj", "{D0092F11-F801-4C17-AB91-53C060030266}"
EndProject
Global
	GlobalSection(SolutionConfigurationPlatforms) = preSolution
		Debug|Any CPU = Debug|Any CPU
		Debug|x64 = Debug|x64
		Debug|x86 = Debug|x86
		Release|Any CPU = Release|Any CPU
		Release|x64 = Release|x64
		Release|x86 = Release|x86
	EndGlobalSection
	GlobalSection(ProjectConfigurationPlatforms) = postSolution
		{06C42E2C-A4DB-4CA8-870E-EA84727DF28C}.Debug|Any CPU.ActiveCfg = Debug|Any CPU
		{06C42E2C-A4DB-4CA8-870E-EA84727DF28C}.Debug|Any CPU.Build.0 = Debug|Any CPU
		{06C42E2C-A4DB-4CA8-870E-EA84727DF28C}.Debug|x64.ActiveCfg = Debug|Any CPU
		{06C42E2C-A4DB-4CA8-870E-EA84727DF28C}.Debug|x64.Build.0 = Debug|Any CPU
		{06C42E2C-A4DB-4CA8-870E-EA84727DF28C}.Debug|x86.ActiveCfg = Debug|Any CPU
		{06C42E2C-A4DB-4CA8-870E-EA84727DF28C}.Debug|x86.Build.0 = Debug|Any CPU
		{06C42E2C-A4DB-4CA8-870E-EA84727DF28C}.Release|Any CPU.ActiveCfg = Release|Any CPU
		{06C42E2C-A4DB-4CA8-870E-EA84727DF28C}.Release|Any CPU.Build.0 = Release|Any CPU
		{06C42E2C-A4DB-4CA8-870E-EA84727DF28C}.Release|x64.ActiveCfg = Release|Any CPU
		{06C42E2C-A4DB-4CA8-870E-EA84727DF28C}.Release|x64.Build.0 = Release|Any CPU
		{06C42E2C-A4DB-4CA8-870E-EA84727DF28C}.Release|x86.ActiveCfg = Release|Any CPU
		{06C42E2C-A4DB-4CA8-870E-EA84727DF28C}.Release|x86.Build.0 = Release|Any CPU
		{241913CB-0426-4709-A3CF-00665C400DE5}.Debug|Any CPU.ActiveCfg = Debug|Any CPU
		{241913CB-0426-4709-A3CF-00665C400DE5}.Debug|Any CPU.Build.0 = Debug|Any CPU
		{241913CB-0426-4709-A3CF-00665C400DE5}.Debug|x64.ActiveCfg = Debug|Any CPU
		{241913CB-0426-4709-A3CF-00665C400DE5}.Debug|x64.Build.0 = Debug|Any CPU
		{241913CB-0426-4709-A3CF-00665C400DE5}.Debug|x86.ActiveCfg = Debug|Any CPU
		{241913CB-0426-4709-A3CF-00665C400DE5}.Debug|x86.Build.0 = Debug|Any CPU
		{241913CB-0426-4709-A3CF-00665C400DE5}.Release|Any CPU.ActiveCfg = Release|Any CPU
		{241913CB-0426-4709-A3CF-00665C400DE5}.Release|Any CPU.Build.0 = Release|Any CPU
		{241913CB-0426-4709-A3CF-00665C400DE5}.Release|x64.ActiveCfg = Release|Any CPU
		{241913CB-0426-4709-A3CF-00665C400DE5}.Release|x64.Build.0 = Release|Any CPU
		{241913CB-0426-4709-A3CF-00665C400DE5}.Release|x86.ActiveCfg = Release|Any CPU
		{241913CB-0426-4709-A3CF-00665C400DE5}.Release|x86.Build.0 = Release|Any CPU
		{E3E588AC-0B8B-4007-8680-95DBBC33457A}.Debug|Any CPU.ActiveCfg = Debug|Any CPU
		{E3E588AC-0B8B-4007-8680-95DBBC33457A}.Debug|Any CPU.Build.0 = Debug|Any CPU
		{E3E588AC-0B8B-4007-8680-95DBBC33457A}.Debug|x64.ActiveCfg = Debug|Any CPU
		{E3E588AC-0B8B-4007-8680-95DBBC33457A}.Debug|x64.Build.0 = Debug|Any CPU
		{E3E588AC-0B8B-4007-8680-95DBBC33457A}.Debug|x86.ActiveCfg = Debug|Any CPU
		{E3E588AC-0B8B-4007-8680-95DBBC33457A}.Debug|x86.Build.0 = Debug|Any CPU
		{E3E588AC-0B8B-4007-8680-95DBBC33457A}.Release|Any CPU.ActiveCfg = Release|Any CPU
		{E3E588AC-0B8B-4007-8680-95DBBC33457A}.Release|Any CPU.Build.0 = Release|Any CPU
		{E3E588AC-0B8B-4007-8680-95DBBC33457A}.Release|x64.ActiveCfg = Release|Any CPU
		{E3E588AC-0B8B-4007-8680-95DBBC33457A}.Release|x64.Build.0 = Release|Any CPU
		{E3E588AC-0B8B-4007-8680-95DBBC33457A}.Release|x86.ActiveCfg = Release|Any CPU
		{E3E588AC-0B8B-4007-8680-95DBBC33457A}.Release|x86.Build.0 = Release|Any CPU
		{00B82E0C-D20C-480B-8F66-9E05CA21D983}.Debug|Any CPU.ActiveCfg = Debug|Any CPU
		{00B82E0C-D20C-480B-8F66-9E05CA21D983}.Debug|Any CPU.Build.0 = Debug|Any CPU
		{00B82E0C-D20C-480B-8F66-9E05CA21D983}.Debug|x64.ActiveCfg = Debug|Any CPU
		{00B82E0C-D20C-480B-8F66-9E05CA21D983}.Debug|x64.Build.0 = Debug|Any CPU
		{00B82E0C-D20C-480B-8F66-9E05CA21D983}.Debug|x86.ActiveCfg = Debug|Any CPU
		{00B82E0C-D20C-480B-8F66-9E05CA21D983}.Debug|x86.Build.0 = Debug|Any CPU
		{00B82E0C-D20C-480B-8F66-9E05CA21D983}.Release|Any CPU.ActiveCfg = Release|Any CPU
		{00B82E0C-D20C-480B-8F66-9E05CA21D983}.Release|Any CPU.Build.0 = Release|Any CPU
		{00B82E0C-D20C-480B-8F66-9E05CA21D983}.Release|x64.ActiveCfg = Release|Any CPU
		{00B82E0C-D20C-480B-8F66-9E05CA21D983}.Release|x64.Build.0 = Release|Any CPU
		{00B82E0C-D20C-480B-8F66-9E05CA21D983}.Release|x86.ActiveCfg = Release|Any CPU
		{00B82E0C-D20C-480B-8F66-9E05CA21D983}.Release|x86.Build.0 = Release|Any CPU
		{AEEE6909-2811-405C-AEF0-318DF182373F}.Debug|Any CPU.ActiveCfg = Debug|Any CPU
		{AEEE6909-2811-405C-AEF0-318DF182373F}.Debug|Any CPU.Build.0 = Debug|Any CPU
		{AEEE6909-2811-405C-AEF0-318DF182373F}.Debug|x64.ActiveCfg = Debug|Any CPU
		{AEEE6909-2811-405C-AEF0-318DF182373F}.Debug|x64.Build.0 = Debug|Any CPU
		{AEEE6909-2811-405C-AEF0-318DF182373F}.Debug|x86.ActiveCfg = Debug|Any CPU
		{AEEE6909-2811-405C-AEF0-318DF182373F}.Debug|x86.Build.0 = Debug|Any CPU
		{AEEE6909-2811-405C-AEF0-318DF182373F}.Release|Any CPU.ActiveCfg = Release|Any CPU
		{AEEE6909-2811-405C-AEF0-318DF182373F}.Release|Any CPU.Build.0 = Release|Any CPU
		{AEEE6909-2811-405C-AEF0-318DF182373F}.Release|x64.ActiveCfg = Release|Any CPU
		{AEEE6909-2811-405C-AEF0-318DF182373F}.Release|x64.Build.0 = Release|Any CPU
		{AEEE6909-2811-405C-AEF0-318DF182373F}.Release|x86.ActiveCfg = Release|Any CPU
		{AEEE6909-2811-405C-AEF0-318DF182373F}.Release|x86.Build.0 = Release|Any CPU
		{DE7D40BC-C533-4FFB-B920-F918BD64A99B}.Debug|Any CPU.ActiveCfg = Debug|Any CPU
		{DE7D40BC-C533-4FFB-B920-F918BD64A99B}.Debug|Any CPU.Build.0 = Debug|Any CPU
		{DE7D40BC-C533-4FFB-B920-F918BD64A99B}.Debug|x64.ActiveCfg = Debug|Any CPU
		{DE7D40BC-C533-4FFB-B920-F918BD64A99B}.Debug|x64.Build.0 = Debug|Any CPU
		{DE7D40BC-C533-4FFB-B920-F918BD64A99B}.Debug|x86.ActiveCfg = Debug|Any CPU
		{DE7D40BC-C533-4FFB-B920-F918BD64A99B}.Debug|x86.Build.0 = Debug|Any CPU
		{DE7D40BC-C533-4FFB-B920-F918BD64A99B}.Release|Any CPU.ActiveCfg = Release|Any CPU
		{DE7D40BC-C533-4FFB-B920-F918BD64A99B}.Release|Any CPU.Build.0 = Release|Any CPU
		{DE7D40BC-C533-4FFB-B920-F918BD64A99B}.Release|x64.ActiveCfg = Release|Any CPU
		{DE7D40BC-C533-4FFB-B920-F918BD64A99B}.Release|x64.Build.0 = Release|Any CPU
		{DE7D40BC-C533-4FFB-B920-F918BD64A99B}.Release|x86.ActiveCfg = Release|Any CPU
		{DE7D40BC-C533-4FFB-B920-F918BD64A99B}.Release|x86.Build.0 = Release|Any CPU
		{7D0F6B4A-5938-46C1-997B-0B0F75C05A54}.Debug|Any CPU.ActiveCfg = Debug|Any CPU
		{7D0F6B4A-5938-46C1-997B-0B0F75C05A54}.Debug|Any CPU.Build.0 = Debug|Any CPU
		{7D0F6B4A-5938-46C1-997B-0B0F75C05A54}.Debug|x64.ActiveCfg = Debug|Any CPU
		{7D0F6B4A-5938-46C1-997B-0B0F75C05A54}.Debug|x64.Build.0 = Debug|Any CPU
		{7D0F6B4A-5938-46C1-997B-0B0F75C05A54}.Debug|x86.ActiveCfg = Debug|Any CPU
		{7D0F6B4A-5938-46C1-997B-0B0F75C05A54}.Debug|x86.Build.0 = Debug|Any CPU
		{7D0F6B4A-5938-46C1-997B-0B0F75C05A54}.Release|Any CPU.ActiveCfg = Release|Any CPU
		{7D0F6B4A-5938-46C1-997B-0B0F75C05A54}.Release|Any CPU.Build.0 = Release|Any CPU
		{7D0F6B4A-5938-46C1-997B-0B0F75C05A54}.Release|x64.ActiveCfg = Release|Any CPU
		{7D0F6B4A-5938-46C1-997B-0B0F75C05A54}.Release|x64.Build.0 = Release|Any CPU
		{7D0F6B4A-5938-46C1-997B-0B0F75C05A54}.Release|x86.ActiveCfg = Release|Any CPU
		{7D0F6B4A-5938-46C1-997B-0B0F75C05A54}.Release|x86.Build.0 = Release|Any CPU
		{4FB70CDD-C460-4818-ABF8-BDE8E0C491B6}.Debug|Any CPU.ActiveCfg = Debug|Any CPU
		{4FB70CDD-C460-4818-ABF8-BDE8E0C491B6}.Debug|Any CPU.Build.0 = Debug|Any CPU
		{4FB70CDD-C460-4818-ABF8-BDE8E0C491B6}.Debug|x64.ActiveCfg = Debug|Any CPU
		{4FB70CDD-C460-4818-ABF8-BDE8E0C491B6}.Debug|x64.Build.0 = Debug|Any CPU
		{4FB70CDD-C460-4818-ABF8-BDE8E0C491B6}.Debug|x86.ActiveCfg = Debug|Any CPU
		{4FB70CDD-C460-4818-ABF8-BDE8E0C491B6}.Debug|x86.Build.0 = Debug|Any CPU
		{4FB70CDD-C460-4818-ABF8-BDE8E0C491B6}.Release|Any CPU.ActiveCfg = Release|Any CPU
		{4FB70CDD-C460-4818-ABF8-BDE8E0C491B6}.Release|Any CPU.Build.0 = Release|Any CPU
		{4FB70CDD-C460-4818-ABF8-BDE8E0C491B6}.Release|x64.ActiveCfg = Release|Any CPU
		{4FB70CDD-C460-4818-ABF8-BDE8E0C491B6}.Release|x64.Build.0 = Release|Any CPU
		{4FB70CDD-C460-4818-ABF8-BDE8E0C491B6}.Release|x86.ActiveCfg = Release|Any CPU
		{4FB70CDD-C460-4818-ABF8-BDE8E0C491B6}.Release|x86.Build.0 = Release|Any CPU
		{4801A0E9-CA6B-458F-B0A5-55472EFECF08}.Debug|Any CPU.ActiveCfg = Debug|Any CPU
		{4801A0E9-CA6B-458F-B0A5-55472EFECF08}.Debug|Any CPU.Build.0 = Debug|Any CPU
		{4801A0E9-CA6B-458F-B0A5-55472EFECF08}.Debug|x64.ActiveCfg = Debug|Any CPU
		{4801A0E9-CA6B-458F-B0A5-55472EFECF08}.Debug|x64.Build.0 = Debug|Any CPU
		{4801A0E9-CA6B-458F-B0A5-55472EFECF08}.Debug|x86.ActiveCfg = Debug|Any CPU
		{4801A0E9-CA6B-458F-B0A5-55472EFECF08}.Debug|x86.Build.0 = Debug|Any CPU
		{4801A0E9-CA6B-458F-B0A5-55472EFECF08}.Release|Any CPU.ActiveCfg = Release|Any CPU
		{4801A0E9-CA6B-458F-B0A5-55472EFECF08}.Release|Any CPU.Build.0 = Release|Any CPU
		{4801A0E9-CA6B-458F-B0A5-55472EFECF08}.Release|x64.ActiveCfg = Release|Any CPU
		{4801A0E9-CA6B-458F-B0A5-55472EFECF08}.Release|x64.Build.0 = Release|Any CPU
		{4801A0E9-CA6B-458F-B0A5-55472EFECF08}.Release|x86.ActiveCfg = Release|Any CPU
		{4801A0E9-CA6B-458F-B0A5-55472EFECF08}.Release|x86.Build.0 = Release|Any CPU
		{36BF7049-1E94-4B03-9F2A-94EC76747A37}.Debug|Any CPU.ActiveCfg = Debug|Any CPU
		{36BF7049-1E94-4B03-9F2A-94EC76747A37}.Debug|Any CPU.Build.0 = Debug|Any CPU
		{36BF7049-1E94-4B03-9F2A-94EC76747A37}.Debug|x64.ActiveCfg = Debug|Any CPU
		{36BF7049-1E94-4B03-9F2A-94EC76747A37}.Debug|x64.Build.0 = Debug|Any CPU
		{36BF7049-1E94-4B03-9F2A-94EC76747A37}.Debug|x86.ActiveCfg = Debug|Any CPU
		{36BF7049-1E94-4B03-9F2A-94EC76747A37}.Debug|x86.Build.0 = Debug|Any CPU
		{36BF7049-1E94-4B03-9F2A-94EC76747A37}.Release|Any CPU.ActiveCfg = Release|Any CPU
		{36BF7049-1E94-4B03-9F2A-94EC76747A37}.Release|Any CPU.Build.0 = Release|Any CPU
		{36BF7049-1E94-4B03-9F2A-94EC76747A37}.Release|x64.ActiveCfg = Release|Any CPU
		{36BF7049-1E94-4B03-9F2A-94EC76747A37}.Release|x64.Build.0 = Release|Any CPU
		{36BF7049-1E94-4B03-9F2A-94EC76747A37}.Release|x86.ActiveCfg = Release|Any CPU
		{36BF7049-1E94-4B03-9F2A-94EC76747A37}.Release|x86.Build.0 = Release|Any CPU
		{7DE932E7-AA2F-4D80-A616-36FC8233020E}.Debug|Any CPU.ActiveCfg = Debug|Any CPU
		{7DE932E7-AA2F-4D80-A616-36FC8233020E}.Debug|Any CPU.Build.0 = Debug|Any CPU
		{7DE932E7-AA2F-4D80-A616-36FC8233020E}.Debug|x64.ActiveCfg = Debug|Any CPU
		{7DE932E7-AA2F-4D80-A616-36FC8233020E}.Debug|x64.Build.0 = Debug|Any CPU
		{7DE932E7-AA2F-4D80-A616-36FC8233020E}.Debug|x86.ActiveCfg = Debug|Any CPU
		{7DE932E7-AA2F-4D80-A616-36FC8233020E}.Debug|x86.Build.0 = Debug|Any CPU
		{7DE932E7-AA2F-4D80-A616-36FC8233020E}.Release|Any CPU.ActiveCfg = Release|Any CPU
		{7DE932E7-AA2F-4D80-A616-36FC8233020E}.Release|Any CPU.Build.0 = Release|Any CPU
		{7DE932E7-AA2F-4D80-A616-36FC8233020E}.Release|x64.ActiveCfg = Release|Any CPU
		{7DE932E7-AA2F-4D80-A616-36FC8233020E}.Release|x64.Build.0 = Release|Any CPU
		{7DE932E7-AA2F-4D80-A616-36FC8233020E}.Release|x86.ActiveCfg = Release|Any CPU
		{7DE932E7-AA2F-4D80-A616-36FC8233020E}.Release|x86.Build.0 = Release|Any CPU
		{9789A9A9-9C27-4E6F-B333-B0B2488637C6}.Debug|Any CPU.ActiveCfg = Debug|Any CPU
		{9789A9A9-9C27-4E6F-B333-B0B2488637C6}.Debug|Any CPU.Build.0 = Debug|Any CPU
		{9789A9A9-9C27-4E6F-B333-B0B2488637C6}.Debug|x64.ActiveCfg = Debug|Any CPU
		{9789A9A9-9C27-4E6F-B333-B0B2488637C6}.Debug|x64.Build.0 = Debug|Any CPU
		{9789A9A9-9C27-4E6F-B333-B0B2488637C6}.Debug|x86.ActiveCfg = Debug|Any CPU
		{9789A9A9-9C27-4E6F-B333-B0B2488637C6}.Debug|x86.Build.0 = Debug|Any CPU
		{9789A9A9-9C27-4E6F-B333-B0B2488637C6}.Release|Any CPU.ActiveCfg = Release|Any CPU
		{9789A9A9-9C27-4E6F-B333-B0B2488637C6}.Release|Any CPU.Build.0 = Release|Any CPU
		{9789A9A9-9C27-4E6F-B333-B0B2488637C6}.Release|x64.ActiveCfg = Release|Any CPU
		{9789A9A9-9C27-4E6F-B333-B0B2488637C6}.Release|x64.Build.0 = Release|Any CPU
		{9789A9A9-9C27-4E6F-B333-B0B2488637C6}.Release|x86.ActiveCfg = Release|Any CPU
		{9789A9A9-9C27-4E6F-B333-B0B2488637C6}.Release|x86.Build.0 = Release|Any CPU
		{EDF69289-5307-47D2-BD53-C5E523B69F6E}.Debug|Any CPU.ActiveCfg = Debug|Any CPU
		{EDF69289-5307-47D2-BD53-C5E523B69F6E}.Debug|Any CPU.Build.0 = Debug|Any CPU
		{EDF69289-5307-47D2-BD53-C5E523B69F6E}.Debug|x64.ActiveCfg = Debug|Any CPU
		{EDF69289-5307-47D2-BD53-C5E523B69F6E}.Debug|x64.Build.0 = Debug|Any CPU
		{EDF69289-5307-47D2-BD53-C5E523B69F6E}.Debug|x86.ActiveCfg = Debug|Any CPU
		{EDF69289-5307-47D2-BD53-C5E523B69F6E}.Debug|x86.Build.0 = Debug|Any CPU
		{EDF69289-5307-47D2-BD53-C5E523B69F6E}.Release|Any CPU.ActiveCfg = Release|Any CPU
		{EDF69289-5307-47D2-BD53-C5E523B69F6E}.Release|Any CPU.Build.0 = Release|Any CPU
		{EDF69289-5307-47D2-BD53-C5E523B69F6E}.Release|x64.ActiveCfg = Release|Any CPU
		{EDF69289-5307-47D2-BD53-C5E523B69F6E}.Release|x64.Build.0 = Release|Any CPU
		{EDF69289-5307-47D2-BD53-C5E523B69F6E}.Release|x86.ActiveCfg = Release|Any CPU
		{EDF69289-5307-47D2-BD53-C5E523B69F6E}.Release|x86.Build.0 = Release|Any CPU
		{E29EF017-7E0B-4F20-A1D3-08FA22EA05AD}.Debug|Any CPU.ActiveCfg = Debug|Any CPU
		{E29EF017-7E0B-4F20-A1D3-08FA22EA05AD}.Debug|Any CPU.Build.0 = Debug|Any CPU
		{E29EF017-7E0B-4F20-A1D3-08FA22EA05AD}.Debug|x64.ActiveCfg = Debug|Any CPU
		{E29EF017-7E0B-4F20-A1D3-08FA22EA05AD}.Debug|x64.Build.0 = Debug|Any CPU
		{E29EF017-7E0B-4F20-A1D3-08FA22EA05AD}.Debug|x86.ActiveCfg = Debug|Any CPU
		{E29EF017-7E0B-4F20-A1D3-08FA22EA05AD}.Debug|x86.Build.0 = Debug|Any CPU
		{E29EF017-7E0B-4F20-A1D3-08FA22EA05AD}.Release|Any CPU.ActiveCfg = Release|Any CPU
		{E29EF017-7E0B-4F20-A1D3-08FA22EA05AD}.Release|Any CPU.Build.0 = Release|Any CPU
		{E29EF017-7E0B-4F20-A1D3-08FA22EA05AD}.Release|x64.ActiveCfg = Release|Any CPU
		{E29EF017-7E0B-4F20-A1D3-08FA22EA05AD}.Release|x64.Build.0 = Release|Any CPU
		{E29EF017-7E0B-4F20-A1D3-08FA22EA05AD}.Release|x86.ActiveCfg = Release|Any CPU
		{E29EF017-7E0B-4F20-A1D3-08FA22EA05AD}.Release|x86.Build.0 = Release|Any CPU
		{CED04BA2-6293-48D9-92D4-33D58CBB5B56}.Debug|Any CPU.ActiveCfg = Debug|Any CPU
		{CED04BA2-6293-48D9-92D4-33D58CBB5B56}.Debug|Any CPU.Build.0 = Debug|Any CPU
		{CED04BA2-6293-48D9-92D4-33D58CBB5B56}.Debug|x64.ActiveCfg = Debug|Any CPU
		{CED04BA2-6293-48D9-92D4-33D58CBB5B56}.Debug|x64.Build.0 = Debug|Any CPU
		{CED04BA2-6293-48D9-92D4-33D58CBB5B56}.Debug|x86.ActiveCfg = Debug|Any CPU
		{CED04BA2-6293-48D9-92D4-33D58CBB5B56}.Debug|x86.Build.0 = Debug|Any CPU
		{CED04BA2-6293-48D9-92D4-33D58CBB5B56}.Release|Any CPU.ActiveCfg = Release|Any CPU
		{CED04BA2-6293-48D9-92D4-33D58CBB5B56}.Release|Any CPU.Build.0 = Release|Any CPU
		{CED04BA2-6293-48D9-92D4-33D58CBB5B56}.Release|x64.ActiveCfg = Release|Any CPU
		{CED04BA2-6293-48D9-92D4-33D58CBB5B56}.Release|x64.Build.0 = Release|Any CPU
		{CED04BA2-6293-48D9-92D4-33D58CBB5B56}.Release|x86.ActiveCfg = Release|Any CPU
		{CED04BA2-6293-48D9-92D4-33D58CBB5B56}.Release|x86.Build.0 = Release|Any CPU
		{A5051881-D65D-4FB7-9E9C-D10FF48E54E1}.Debug|Any CPU.ActiveCfg = Debug|Any CPU
		{A5051881-D65D-4FB7-9E9C-D10FF48E54E1}.Debug|Any CPU.Build.0 = Debug|Any CPU
		{A5051881-D65D-4FB7-9E9C-D10FF48E54E1}.Debug|x64.ActiveCfg = Debug|Any CPU
		{A5051881-D65D-4FB7-9E9C-D10FF48E54E1}.Debug|x64.Build.0 = Debug|Any CPU
		{A5051881-D65D-4FB7-9E9C-D10FF48E54E1}.Debug|x86.ActiveCfg = Debug|Any CPU
		{A5051881-D65D-4FB7-9E9C-D10FF48E54E1}.Debug|x86.Build.0 = Debug|Any CPU
		{A5051881-D65D-4FB7-9E9C-D10FF48E54E1}.Release|Any CPU.ActiveCfg = Release|Any CPU
		{A5051881-D65D-4FB7-9E9C-D10FF48E54E1}.Release|Any CPU.Build.0 = Release|Any CPU
		{A5051881-D65D-4FB7-9E9C-D10FF48E54E1}.Release|x64.ActiveCfg = Release|Any CPU
		{A5051881-D65D-4FB7-9E9C-D10FF48E54E1}.Release|x64.Build.0 = Release|Any CPU
		{A5051881-D65D-4FB7-9E9C-D10FF48E54E1}.Release|x86.ActiveCfg = Release|Any CPU
		{A5051881-D65D-4FB7-9E9C-D10FF48E54E1}.Release|x86.Build.0 = Release|Any CPU
		{FB8BAD2F-F09C-486F-9461-40ECCCB17A37}.Debug|Any CPU.ActiveCfg = Debug|Any CPU
		{FB8BAD2F-F09C-486F-9461-40ECCCB17A37}.Debug|Any CPU.Build.0 = Debug|Any CPU
		{FB8BAD2F-F09C-486F-9461-40ECCCB17A37}.Debug|x64.ActiveCfg = Debug|Any CPU
		{FB8BAD2F-F09C-486F-9461-40ECCCB17A37}.Debug|x64.Build.0 = Debug|Any CPU
		{FB8BAD2F-F09C-486F-9461-40ECCCB17A37}.Debug|x86.ActiveCfg = Debug|Any CPU
		{FB8BAD2F-F09C-486F-9461-40ECCCB17A37}.Debug|x86.Build.0 = Debug|Any CPU
		{FB8BAD2F-F09C-486F-9461-40ECCCB17A37}.Release|Any CPU.ActiveCfg = Release|Any CPU
		{FB8BAD2F-F09C-486F-9461-40ECCCB17A37}.Release|Any CPU.Build.0 = Release|Any CPU
		{FB8BAD2F-F09C-486F-9461-40ECCCB17A37}.Release|x64.ActiveCfg = Release|Any CPU
		{FB8BAD2F-F09C-486F-9461-40ECCCB17A37}.Release|x64.Build.0 = Release|Any CPU
		{FB8BAD2F-F09C-486F-9461-40ECCCB17A37}.Release|x86.ActiveCfg = Release|Any CPU
		{FB8BAD2F-F09C-486F-9461-40ECCCB17A37}.Release|x86.Build.0 = Release|Any CPU
		{D0092F11-F801-4C17-AB91-53C060030266}.Debug|Any CPU.ActiveCfg = Debug|Any CPU
		{D0092F11-F801-4C17-AB91-53C060030266}.Debug|Any CPU.Build.0 = Debug|Any CPU
		{D0092F11-F801-4C17-AB91-53C060030266}.Debug|x64.ActiveCfg = Debug|Any CPU
		{D0092F11-F801-4C17-AB91-53C060030266}.Debug|x64.Build.0 = Debug|Any CPU
		{D0092F11-F801-4C17-AB91-53C060030266}.Debug|x86.ActiveCfg = Debug|Any CPU
		{D0092F11-F801-4C17-AB91-53C060030266}.Debug|x86.Build.0 = Debug|Any CPU
		{D0092F11-F801-4C17-AB91-53C060030266}.Release|Any CPU.ActiveCfg = Release|Any CPU
		{D0092F11-F801-4C17-AB91-53C060030266}.Release|Any CPU.Build.0 = Release|Any CPU
		{D0092F11-F801-4C17-AB91-53C060030266}.Release|x64.ActiveCfg = Release|Any CPU
		{D0092F11-F801-4C17-AB91-53C060030266}.Release|x64.Build.0 = Release|Any CPU
		{D0092F11-F801-4C17-AB91-53C060030266}.Release|x86.ActiveCfg = Release|Any CPU
		{D0092F11-F801-4C17-AB91-53C060030266}.Release|x86.Build.0 = Release|Any CPU
	EndGlobalSection
	GlobalSection(SolutionProperties) = preSolution
		HideSolutionNode = FALSE
	EndGlobalSection
	GlobalSection(NestedProjects) = preSolution
		{06C42E2C-A4DB-4CA8-870E-EA84727DF28C} = {C2DD6A0D-F994-42A4-BAFF-1FB972850229}
		{241913CB-0426-4709-A3CF-00665C400DE5} = {F5AE538B-E864-425E-959A-7ED49533482E}
		{E3E588AC-0B8B-4007-8680-95DBBC33457A} = {C2DD6A0D-F994-42A4-BAFF-1FB972850229}
		{00B82E0C-D20C-480B-8F66-9E05CA21D983} = {F5AE538B-E864-425E-959A-7ED49533482E}
		{AEEE6909-2811-405C-AEF0-318DF182373F} = {C2DD6A0D-F994-42A4-BAFF-1FB972850229}
		{DE7D40BC-C533-4FFB-B920-F918BD64A99B} = {F5AE538B-E864-425E-959A-7ED49533482E}
		{7D0F6B4A-5938-46C1-997B-0B0F75C05A54} = {C2DD6A0D-F994-42A4-BAFF-1FB972850229}
		{4FB70CDD-C460-4818-ABF8-BDE8E0C491B6} = {F5AE538B-E864-425E-959A-7ED49533482E}
		{4801A0E9-CA6B-458F-B0A5-55472EFECF08} = {C2DD6A0D-F994-42A4-BAFF-1FB972850229}
		{36BF7049-1E94-4B03-9F2A-94EC76747A37} = {F5AE538B-E864-425E-959A-7ED49533482E}
		{7DE932E7-AA2F-4D80-A616-36FC8233020E} = {C2DD6A0D-F994-42A4-BAFF-1FB972850229}
		{9789A9A9-9C27-4E6F-B333-B0B2488637C6} = {F5AE538B-E864-425E-959A-7ED49533482E}
		{EDF69289-5307-47D2-BD53-C5E523B69F6E} = {B236C0BC-2FEF-4F68-8EE3-A6281924D00F}
		{E29EF017-7E0B-4F20-A1D3-08FA22EA05AD} = {C2DD6A0D-F994-42A4-BAFF-1FB972850229}
		{CED04BA2-6293-48D9-92D4-33D58CBB5B56} = {F5AE538B-E864-425E-959A-7ED49533482E}
		{A5051881-D65D-4FB7-9E9C-D10FF48E54E1} = {B236C0BC-2FEF-4F68-8EE3-A6281924D00F}
		{FB8BAD2F-F09C-486F-9461-40ECCCB17A37} = {C2DD6A0D-F994-42A4-BAFF-1FB972850229}
		{D0092F11-F801-4C17-AB91-53C060030266} = {F5AE538B-E864-425E-959A-7ED49533482E}
	EndGlobalSection
	GlobalSection(ExtensibilityGlobals) = postSolution
		SolutionGuid = {4D008587-73AC-49F3-A485-00D80DA2B10D}
	EndGlobalSection
EndGlobal
