
Microsoft Visual Studio Solution File, Format Version 12.00
# Visual Studio Version 16
VisualStudioVersion = 16.0.29728.190
MinimumVisualStudioVersion = 15.0.26124.0
Project("{2150E333-8FDC-42A3-9474-1A3956D46DE8}") = "src", "src", "{C2DD6A0D-F994-42A4-BAFF-1FB972850229}"
EndProject
Project("{9A19103F-16F7-4668-BE54-9A1E7A4F7556}") = "ForEvolve.ExceptionMapper", "src\ForEvolve.ExceptionMapper\ForEvolve.ExceptionMapper.csproj", "{06C42E2C-A4DB-4CA8-870E-EA84727DF28C}"
EndProject
Project("{2150E333-8FDC-42A3-9474-1A3956D46DE8}") = "test", "test", "{F5AE538B-E864-425E-959A-7ED49533482E}"
EndProject
Project("{9A19103F-16F7-4668-BE54-9A1E7A4F7556}") = "ForEvolve.ExceptionMapper.Tests", "test\ForEvolve.ExceptionMapper.Tests\ForEvolve.ExceptionMapper.Tests.csproj", "{241913CB-0426-4709-A3CF-00665C400DE5}"
EndProject
Project("{2150E333-8FDC-42A3-9474-1A3956D46DE8}") = "Solution Items", "Solution Items", "{6EB72298-998C-41BA-8FE1-E3FDD71E5870}"
	ProjectSection(SolutionItems) = preProject
		.editorconfig = .editorconfig
	EndProjectSection
EndProject
Project("{9A19103F-16F7-4668-BE54-9A1E7A4F7556}") = "ForEvolve.ExceptionMapper.CommonExceptions", "src\ForEvolve.ExceptionMapper.CommonExceptions\ForEvolve.ExceptionMapper.CommonExceptions.csproj", "{E3E588AC-0B8B-4007-8680-95DBBC33457A}"
EndProject
Project("{9A19103F-16F7-4668-BE54-9A1E7A4F7556}") = "ForEvolve.ExceptionMapper.CommonExceptions.Tests", "test\ForEvolve.ExceptionMapper.CommonExceptions.Tests\ForEvolve.ExceptionMapper.CommonExceptions.Tests.csproj", "{00B82E0C-D20C-480B-8F66-9E05CA21D983}"
EndProject
Project("{2150E333-8FDC-42A3-9474-1A3956D46DE8}") = "samples", "samples", "{B236C0BC-2FEF-4F68-8EE3-A6281924D00F}"
EndProject
Project("{9A19103F-16F7-4668-BE54-9A1E7A4F7556}") = "WebApiSample", "samples\WebApiSample\WebApiSample.csproj", "{1242748E-63D9-4CB0-85EB-BF803FCD78A4}"
EndProject
Global
	GlobalSection(SolutionConfigurationPlatforms) = preSolution
		Debug|Any CPU = Debug|Any CPU
		Debug|x64 = Debug|x64
		Debug|x86 = Debug|x86
		Release|Any CPU = Release|Any CPU
		Release|x64 = Release|x64
		Release|x86 = Release|x86
	EndGlobalSection
	GlobalSection(ProjectConfigurationPlatforms) = postSolution
		{06C42E2C-A4DB-4CA8-870E-EA84727DF28C}.Debug|Any CPU.ActiveCfg = Debug|Any CPU
		{06C42E2C-A4DB-4CA8-870E-EA84727DF28C}.Debug|Any CPU.Build.0 = Debug|Any CPU
		{06C42E2C-A4DB-4CA8-870E-EA84727DF28C}.Debug|x64.ActiveCfg = Debug|Any CPU
		{06C42E2C-A4DB-4CA8-870E-EA84727DF28C}.Debug|x64.Build.0 = Debug|Any CPU
		{06C42E2C-A4DB-4CA8-870E-EA84727DF28C}.Debug|x86.ActiveCfg = Debug|Any CPU
		{06C42E2C-A4DB-4CA8-870E-EA84727DF28C}.Debug|x86.Build.0 = Debug|Any CPU
		{06C42E2C-A4DB-4CA8-870E-EA84727DF28C}.Release|Any CPU.ActiveCfg = Release|Any CPU
		{06C42E2C-A4DB-4CA8-870E-EA84727DF28C}.Release|Any CPU.Build.0 = Release|Any CPU
		{06C42E2C-A4DB-4CA8-870E-EA84727DF28C}.Release|x64.ActiveCfg = Release|Any CPU
		{06C42E2C-A4DB-4CA8-870E-EA84727DF28C}.Release|x64.Build.0 = Release|Any CPU
		{06C42E2C-A4DB-4CA8-870E-EA84727DF28C}.Release|x86.ActiveCfg = Release|Any CPU
		{06C42E2C-A4DB-4CA8-870E-EA84727DF28C}.Release|x86.Build.0 = Release|Any CPU
		{241913CB-0426-4709-A3CF-00665C400DE5}.Debug|Any CPU.ActiveCfg = Debug|Any CPU
		{241913CB-0426-4709-A3CF-00665C400DE5}.Debug|Any CPU.Build.0 = Debug|Any CPU
		{241913CB-0426-4709-A3CF-00665C400DE5}.Debug|x64.ActiveCfg = Debug|Any CPU
		{241913CB-0426-4709-A3CF-00665C400DE5}.Debug|x64.Build.0 = Debug|Any CPU
		{241913CB-0426-4709-A3CF-00665C400DE5}.Debug|x86.ActiveCfg = Debug|Any CPU
		{241913CB-0426-4709-A3CF-00665C400DE5}.Debug|x86.Build.0 = Debug|Any CPU
		{241913CB-0426-4709-A3CF-00665C400DE5}.Release|Any CPU.ActiveCfg = Release|Any CPU
		{241913CB-0426-4709-A3CF-00665C400DE5}.Release|Any CPU.Build.0 = Release|Any CPU
		{241913CB-0426-4709-A3CF-00665C400DE5}.Release|x64.ActiveCfg = Release|Any CPU
		{241913CB-0426-4709-A3CF-00665C400DE5}.Release|x64.Build.0 = Release|Any CPU
		{241913CB-0426-4709-A3CF-00665C400DE5}.Release|x86.ActiveCfg = Release|Any CPU
		{241913CB-0426-4709-A3CF-00665C400DE5}.Release|x86.Build.0 = Release|Any CPU
		{E3E588AC-0B8B-4007-8680-95DBBC33457A}.Debug|Any CPU.ActiveCfg = Debug|Any CPU
		{E3E588AC-0B8B-4007-8680-95DBBC33457A}.Debug|Any CPU.Build.0 = Debug|Any CPU
		{E3E588AC-0B8B-4007-8680-95DBBC33457A}.Debug|x64.ActiveCfg = Debug|Any CPU
		{E3E588AC-0B8B-4007-8680-95DBBC33457A}.Debug|x64.Build.0 = Debug|Any CPU
		{E3E588AC-0B8B-4007-8680-95DBBC33457A}.Debug|x86.ActiveCfg = Debug|Any CPU
		{E3E588AC-0B8B-4007-8680-95DBBC33457A}.Debug|x86.Build.0 = Debug|Any CPU
		{E3E588AC-0B8B-4007-8680-95DBBC33457A}.Release|Any CPU.ActiveCfg = Release|Any CPU
		{E3E588AC-0B8B-4007-8680-95DBBC33457A}.Release|Any CPU.Build.0 = Release|Any CPU
		{E3E588AC-0B8B-4007-8680-95DBBC33457A}.Release|x64.ActiveCfg = Release|Any CPU
		{E3E588AC-0B8B-4007-8680-95DBBC33457A}.Release|x64.Build.0 = Release|Any CPU
		{E3E588AC-0B8B-4007-8680-95DBBC33457A}.Release|x86.ActiveCfg = Release|Any CPU
		{E3E588AC-0B8B-4007-8680-95DBBC33457A}.Release|x86.Build.0 = Release|Any CPU
		{00B82E0C-D20C-480B-8F66-9E05CA21D983}.Debug|Any CPU.ActiveCfg = Debug|Any CPU
		{00B82E0C-D20C-480B-8F66-9E05CA21D983}.Debug|Any CPU.Build.0 = Debug|Any CPU
		{00B82E0C-D20C-480B-8F66-9E05CA21D983}.Debug|x64.ActiveCfg = Debug|Any CPU
		{00B82E0C-D20C-480B-8F66-9E05CA21D983}.Debug|x64.Build.0 = Debug|Any CPU
		{00B82E0C-D20C-480B-8F66-9E05CA21D983}.Debug|x86.ActiveCfg = Debug|Any CPU
		{00B82E0C-D20C-480B-8F66-9E05CA21D983}.Debug|x86.Build.0 = Debug|Any CPU
		{00B82E0C-D20C-480B-8F66-9E05CA21D983}.Release|Any CPU.ActiveCfg = Release|Any CPU
		{00B82E0C-D20C-480B-8F66-9E05CA21D983}.Release|Any CPU.Build.0 = Release|Any CPU
		{00B82E0C-D20C-480B-8F66-9E05CA21D983}.Release|x64.ActiveCfg = Release|Any CPU
		{00B82E0C-D20C-480B-8F66-9E05CA21D983}.Release|x64.Build.0 = Release|Any CPU
		{00B82E0C-D20C-480B-8F66-9E05CA21D983}.Release|x86.ActiveCfg = Release|Any CPU
		{00B82E0C-D20C-480B-8F66-9E05CA21D983}.Release|x86.Build.0 = Release|Any CPU
		{1242748E-63D9-4CB0-85EB-BF803FCD78A4}.Debug|Any CPU.ActiveCfg = Debug|Any CPU
		{1242748E-63D9-4CB0-85EB-BF803FCD78A4}.Debug|Any CPU.Build.0 = Debug|Any CPU
		{1242748E-63D9-4CB0-85EB-BF803FCD78A4}.Debug|x64.ActiveCfg = Debug|Any CPU
		{1242748E-63D9-4CB0-85EB-BF803FCD78A4}.Debug|x64.Build.0 = Debug|Any CPU
		{1242748E-63D9-4CB0-85EB-BF803FCD78A4}.Debug|x86.ActiveCfg = Debug|Any CPU
		{1242748E-63D9-4CB0-85EB-BF803FCD78A4}.Debug|x86.Build.0 = Debug|Any CPU
		{1242748E-63D9-4CB0-85EB-BF803FCD78A4}.Release|Any CPU.ActiveCfg = Release|Any CPU
		{1242748E-63D9-4CB0-85EB-BF803FCD78A4}.Release|Any CPU.Build.0 = Release|Any CPU
		{1242748E-63D9-4CB0-85EB-BF803FCD78A4}.Release|x64.ActiveCfg = Release|Any CPU
		{1242748E-63D9-4CB0-85EB-BF803FCD78A4}.Release|x64.Build.0 = Release|Any CPU
		{1242748E-63D9-4CB0-85EB-BF803FCD78A4}.Release|x86.ActiveCfg = Release|Any CPU
		{1242748E-63D9-4CB0-85EB-BF803FCD78A4}.Release|x86.Build.0 = Release|Any CPU
	EndGlobalSection
	GlobalSection(SolutionProperties) = preSolution
		HideSolutionNode = FALSE
	EndGlobalSection
	GlobalSection(NestedProjects) = preSolution
		{06C42E2C-A4DB-4CA8-870E-EA84727DF28C} = {C2DD6A0D-F994-42A4-BAFF-1FB972850229}
		{241913CB-0426-4709-A3CF-00665C400DE5} = {F5AE538B-E864-425E-959A-7ED49533482E}
		{E3E588AC-0B8B-4007-8680-95DBBC33457A} = {C2DD6A0D-F994-42A4-BAFF-1FB972850229}
		{00B82E0C-D20C-480B-8F66-9E05CA21D983} = {F5AE538B-E864-425E-959A-7ED49533482E}
		{1242748E-63D9-4CB0-85EB-BF803FCD78A4} = {B236C0BC-2FEF-4F68-8EE3-A6281924D00F}
	EndGlobalSection
	GlobalSection(ExtensibilityGlobals) = postSolution
		SolutionGuid = {4D008587-73AC-49F3-A485-00D80DA2B10D}
	EndGlobalSection
EndGlobal
