
Microsoft Visual Studio Solution File, Format Version 12.00
# Visual Studio Version 16
VisualStudioVersion = 16.0.29728.190
MinimumVisualStudioVersion = 15.0.26124.0
Project("{2150E333-8FDC-42A3-9474-1A3956D46DE8}") = "src", "src", "{C2DD6A0D-F994-42A4-BAFF-1FB972850229}"
EndProject
Project("{9A19103F-16F7-4668-BE54-9A1E7A4F7556}") = "ForEvolve.ExceptionMapper", "src\ForEvolve.ExceptionMapper\ForEvolve.ExceptionMapper.csproj", "{06C42E2C-A4DB-4CA8-870E-EA84727DF28C}"
EndProject
Project("{2150E333-8FDC-42A3-9474-1A3956D46DE8}") = "test", "test", "{F5AE538B-E864-425E-959A-7ED49533482E}"
EndProject
Project("{9A19103F-16F7-4668-BE54-9A1E7A4F7556}") = "ForEvolve.ExceptionMapper.Tests", "test\ForEvolve.ExceptionMapper.Tests\ForEvolve.ExceptionMapper.Tests.csproj", "{241913CB-0426-4709-A3CF-00665C400DE5}"
EndProject
Project("{2150E333-8FDC-42A3-9474-1A3956D46DE8}") = "Solution Items", "Solution Items", "{6EB72298-998C-41BA-8FE1-E3FDD71E5870}"
	ProjectSection(SolutionItems) = preProject
		.editorconfig = .editorconfig
	EndProjectSection
EndProject
Project("{9A19103F-16F7-4668-BE54-9A1E7A4F7556}") = "ForEvolve.ExceptionMapper.CommonExceptions", "src\ForEvolve.ExceptionMapper.CommonExceptions\ForEvolve.ExceptionMapper.CommonExceptions.csproj", "{E3E588AC-0B8B-4007-8680-95DBBC33457A}"
EndProject
Project("{9A19103F-16F7-4668-BE54-9A1E7A4F7556}") = "ForEvolve.ExceptionMapper.CommonExceptions.Tests", "test\ForEvolve.ExceptionMapper.CommonExceptions.Tests\ForEvolve.ExceptionMapper.CommonExceptions.Tests.csproj", "{00B82E0C-D20C-480B-8F66-9E05CA21D983}"
EndProject
Project("{2150E333-8FDC-42A3-9474-1A3956D46DE8}") = "samples", "samples", "{B236C0BC-2FEF-4F68-8EE3-A6281924D00F}"
EndProject
Project("{9A19103F-16F7-4668-BE54-9A1E7A4F7556}") = "WebApiSample", "samples\WebApiSample\WebApiSample.csproj", "{1242748E-63D9-4CB0-85EB-BF803FCD78A4}"
EndProject
Project("{FAE04EC0-301F-11D3-BF4B-00C04F79EFBC}") = "ForEvolve.ExceptionMapper.FluentMapper", "src\ForEvolve.ExceptionMapper.FluentMapper\ForEvolve.ExceptionMapper.FluentMapper.csproj", "{AEEE6909-2811-405C-AEF0-318DF182373F}"
EndProject
Project("{FAE04EC0-301F-11D3-BF4B-00C04F79EFBC}") = "ForEvolve.ExceptionMapper.FluentMapper.Tests", "test\ForEvolve.ExceptionMapper.FluentMapper.Tests\ForEvolve.ExceptionMapper.FluentMapper.Tests.csproj", "{DE7D40BC-C533-4FFB-B920-F918BD64A99B}"
EndProject
Project("{FAE04EC0-301F-11D3-BF4B-00C04F79EFBC}") = "ForEvolve.ExceptionMapper.Core", "src\ForEvolve.ExceptionMapper.Core\ForEvolve.ExceptionMapper.Core.csproj", "{7D0F6B4A-5938-46C1-997B-0B0F75C05A54}"
EndProject
Project("{FAE04EC0-301F-11D3-BF4B-00C04F79EFBC}") = "ForEvolve.ExceptionMapper.Core.Tests", "test\ForEvolve.ExceptionMapper.Core.Tests\ForEvolve.ExceptionMapper.Core.Tests.csproj", "{4FB70CDD-C460-4818-ABF8-BDE8E0C491B6}"
EndProject
Project("{FAE04EC0-301F-11D3-BF4B-00C04F79EFBC}") = "ForEvolve.ExceptionMapper.Mvc", "src\ForEvolve.ExceptionMapper.Mvc\ForEvolve.ExceptionMapper.Mvc.csproj", "{D476D658-0E65-471D-87C4-2206FDA54539}"
EndProject
Project("{FAE04EC0-301F-11D3-BF4B-00C04F79EFBC}") = "ForEvolve.ExceptionMapper.Mvc.Tests", "test\ForEvolve.ExceptionMapper.Mvc.Tests\ForEvolve.ExceptionMapper.Mvc.Tests.csproj", "{E40C2D59-5041-4586-8F8E-98C6D093F7AB}"
EndProject
Project("{FAE04EC0-301F-11D3-BF4B-00C04F79EFBC}") = "ForEvolve.ExceptionMapper.HttpMiddleware", "src\ForEvolve.ExceptionMapper.HttpMiddleware\ForEvolve.ExceptionMapper.HttpMiddleware.csproj", "{4801A0E9-CA6B-458F-B0A5-55472EFECF08}"
EndProject
Project("{FAE04EC0-301F-11D3-BF4B-00C04F79EFBC}") = "ForEvolve.ExceptionMapper.HttpMiddleware.Tests", "test\ForEvolve.ExceptionMapper.HttpMiddleware.Tests\ForEvolve.ExceptionMapper.HttpMiddleware.Tests.csproj", "{36BF7049-1E94-4B03-9F2A-94EC76747A37}"
EndProject
Project("{FAE04EC0-301F-11D3-BF4B-00C04F79EFBC}") = "ForEvolve.ExceptionMapper.Scrutor", "src\ForEvolve.ExceptionMapper.Scrutor\ForEvolve.ExceptionMapper.Scrutor.csproj", "{7DE932E7-AA2F-4D80-A616-36FC8233020E}"
EndProject
Project("{FAE04EC0-301F-11D3-BF4B-00C04F79EFBC}") = "ForEvolve.ExceptionMapper.Scrutor.Tests", "test\ForEvolve.ExceptionMapper.Scrutor.Tests\ForEvolve.ExceptionMapper.Scrutor.Tests.csproj", "{9789A9A9-9C27-4E6F-B333-B0B2488637C6}"
EndProject
Global
	GlobalSection(SolutionConfigurationPlatforms) = preSolution
		Debug|Any CPU = Debug|Any CPU
		Debug|x64 = Debug|x64
		Debug|x86 = Debug|x86
		Release|Any CPU = Release|Any CPU
		Release|x64 = Release|x64
		Release|x86 = Release|x86
	EndGlobalSection
	GlobalSection(ProjectConfigurationPlatforms) = postSolution
		{06C42E2C-A4DB-4CA8-870E-EA84727DF28C}.Debug|Any CPU.ActiveCfg = Debug|Any CPU
		{06C42E2C-A4DB-4CA8-870E-EA84727DF28C}.Debug|Any CPU.Build.0 = Debug|Any CPU
		{06C42E2C-A4DB-4CA8-870E-EA84727DF28C}.Debug|x64.ActiveCfg = Debug|Any CPU
		{06C42E2C-A4DB-4CA8-870E-EA84727DF28C}.Debug|x64.Build.0 = Debug|Any CPU
		{06C42E2C-A4DB-4CA8-870E-EA84727DF28C}.Debug|x86.ActiveCfg = Debug|Any CPU
		{06C42E2C-A4DB-4CA8-870E-EA84727DF28C}.Debug|x86.Build.0 = Debug|Any CPU
		{06C42E2C-A4DB-4CA8-870E-EA84727DF28C}.Release|Any CPU.ActiveCfg = Release|Any CPU
		{06C42E2C-A4DB-4CA8-870E-EA84727DF28C}.Release|Any CPU.Build.0 = Release|Any CPU
		{06C42E2C-A4DB-4CA8-870E-EA84727DF28C}.Release|x64.ActiveCfg = Release|Any CPU
		{06C42E2C-A4DB-4CA8-870E-EA84727DF28C}.Release|x64.Build.0 = Release|Any CPU
		{06C42E2C-A4DB-4CA8-870E-EA84727DF28C}.Release|x86.ActiveCfg = Release|Any CPU
		{06C42E2C-A4DB-4CA8-870E-EA84727DF28C}.Release|x86.Build.0 = Release|Any CPU
		{241913CB-0426-4709-A3CF-00665C400DE5}.Debug|Any CPU.ActiveCfg = Debug|Any CPU
		{241913CB-0426-4709-A3CF-00665C400DE5}.Debug|Any CPU.Build.0 = Debug|Any CPU
		{241913CB-0426-4709-A3CF-00665C400DE5}.Debug|x64.ActiveCfg = Debug|Any CPU
		{241913CB-0426-4709-A3CF-00665C400DE5}.Debug|x64.Build.0 = Debug|Any CPU
		{241913CB-0426-4709-A3CF-00665C400DE5}.Debug|x86.ActiveCfg = Debug|Any CPU
		{241913CB-0426-4709-A3CF-00665C400DE5}.Debug|x86.Build.0 = Debug|Any CPU
		{241913CB-0426-4709-A3CF-00665C400DE5}.Release|Any CPU.ActiveCfg = Release|Any CPU
		{241913CB-0426-4709-A3CF-00665C400DE5}.Release|Any CPU.Build.0 = Release|Any CPU
		{241913CB-0426-4709-A3CF-00665C400DE5}.Release|x64.ActiveCfg = Release|Any CPU
		{241913CB-0426-4709-A3CF-00665C400DE5}.Release|x64.Build.0 = Release|Any CPU
		{241913CB-0426-4709-A3CF-00665C400DE5}.Release|x86.ActiveCfg = Release|Any CPU
		{241913CB-0426-4709-A3CF-00665C400DE5}.Release|x86.Build.0 = Release|Any CPU
		{E3E588AC-0B8B-4007-8680-95DBBC33457A}.Debug|Any CPU.ActiveCfg = Debug|Any CPU
		{E3E588AC-0B8B-4007-8680-95DBBC33457A}.Debug|Any CPU.Build.0 = Debug|Any CPU
		{E3E588AC-0B8B-4007-8680-95DBBC33457A}.Debug|x64.ActiveCfg = Debug|Any CPU
		{E3E588AC-0B8B-4007-8680-95DBBC33457A}.Debug|x64.Build.0 = Debug|Any CPU
		{E3E588AC-0B8B-4007-8680-95DBBC33457A}.Debug|x86.ActiveCfg = Debug|Any CPU
		{E3E588AC-0B8B-4007-8680-95DBBC33457A}.Debug|x86.Build.0 = Debug|Any CPU
		{E3E588AC-0B8B-4007-8680-95DBBC33457A}.Release|Any CPU.ActiveCfg = Release|Any CPU
		{E3E588AC-0B8B-4007-8680-95DBBC33457A}.Release|Any CPU.Build.0 = Release|Any CPU
		{E3E588AC-0B8B-4007-8680-95DBBC33457A}.Release|x64.ActiveCfg = Release|Any CPU
		{E3E588AC-0B8B-4007-8680-95DBBC33457A}.Release|x64.Build.0 = Release|Any CPU
		{E3E588AC-0B8B-4007-8680-95DBBC33457A}.Release|x86.ActiveCfg = Release|Any CPU
		{E3E588AC-0B8B-4007-8680-95DBBC33457A}.Release|x86.Build.0 = Release|Any CPU
		{00B82E0C-D20C-480B-8F66-9E05CA21D983}.Debug|Any CPU.ActiveCfg = Debug|Any CPU
		{00B82E0C-D20C-480B-8F66-9E05CA21D983}.Debug|Any CPU.Build.0 = Debug|Any CPU
		{00B82E0C-D20C-480B-8F66-9E05CA21D983}.Debug|x64.ActiveCfg = Debug|Any CPU
		{00B82E0C-D20C-480B-8F66-9E05CA21D983}.Debug|x64.Build.0 = Debug|Any CPU
		{00B82E0C-D20C-480B-8F66-9E05CA21D983}.Debug|x86.ActiveCfg = Debug|Any CPU
		{00B82E0C-D20C-480B-8F66-9E05CA21D983}.Debug|x86.Build.0 = Debug|Any CPU
		{00B82E0C-D20C-480B-8F66-9E05CA21D983}.Release|Any CPU.ActiveCfg = Release|Any CPU
		{00B82E0C-D20C-480B-8F66-9E05CA21D983}.Release|Any CPU.Build.0 = Release|Any CPU
		{00B82E0C-D20C-480B-8F66-9E05CA21D983}.Release|x64.ActiveCfg = Release|Any CPU
		{00B82E0C-D20C-480B-8F66-9E05CA21D983}.Release|x64.Build.0 = Release|Any CPU
		{00B82E0C-D20C-480B-8F66-9E05CA21D983}.Release|x86.ActiveCfg = Release|Any CPU
		{00B82E0C-D20C-480B-8F66-9E05CA21D983}.Release|x86.Build.0 = Release|Any CPU
		{1242748E-63D9-4CB0-85EB-BF803FCD78A4}.Debug|Any CPU.ActiveCfg = Debug|Any CPU
		{1242748E-63D9-4CB0-85EB-BF803FCD78A4}.Debug|Any CPU.Build.0 = Debug|Any CPU
		{1242748E-63D9-4CB0-85EB-BF803FCD78A4}.Debug|x64.ActiveCfg = Debug|Any CPU
		{1242748E-63D9-4CB0-85EB-BF803FCD78A4}.Debug|x64.Build.0 = Debug|Any CPU
		{1242748E-63D9-4CB0-85EB-BF803FCD78A4}.Debug|x86.ActiveCfg = Debug|Any CPU
		{1242748E-63D9-4CB0-85EB-BF803FCD78A4}.Debug|x86.Build.0 = Debug|Any CPU
		{1242748E-63D9-4CB0-85EB-BF803FCD78A4}.Release|Any CPU.ActiveCfg = Release|Any CPU
		{1242748E-63D9-4CB0-85EB-BF803FCD78A4}.Release|Any CPU.Build.0 = Release|Any CPU
		{1242748E-63D9-4CB0-85EB-BF803FCD78A4}.Release|x64.ActiveCfg = Release|Any CPU
		{1242748E-63D9-4CB0-85EB-BF803FCD78A4}.Release|x64.Build.0 = Release|Any CPU
		{1242748E-63D9-4CB0-85EB-BF803FCD78A4}.Release|x86.ActiveCfg = Release|Any CPU
		{1242748E-63D9-4CB0-85EB-BF803FCD78A4}.Release|x86.Build.0 = Release|Any CPU
		{AEEE6909-2811-405C-AEF0-318DF182373F}.Debug|Any CPU.ActiveCfg = Debug|Any CPU
		{AEEE6909-2811-405C-AEF0-318DF182373F}.Debug|Any CPU.Build.0 = Debug|Any CPU
		{AEEE6909-2811-405C-AEF0-318DF182373F}.Debug|x64.ActiveCfg = Debug|Any CPU
		{AEEE6909-2811-405C-AEF0-318DF182373F}.Debug|x64.Build.0 = Debug|Any CPU
		{AEEE6909-2811-405C-AEF0-318DF182373F}.Debug|x86.ActiveCfg = Debug|Any CPU
		{AEEE6909-2811-405C-AEF0-318DF182373F}.Debug|x86.Build.0 = Debug|Any CPU
		{AEEE6909-2811-405C-AEF0-318DF182373F}.Release|Any CPU.ActiveCfg = Release|Any CPU
		{AEEE6909-2811-405C-AEF0-318DF182373F}.Release|Any CPU.Build.0 = Release|Any CPU
		{AEEE6909-2811-405C-AEF0-318DF182373F}.Release|x64.ActiveCfg = Release|Any CPU
		{AEEE6909-2811-405C-AEF0-318DF182373F}.Release|x64.Build.0 = Release|Any CPU
		{AEEE6909-2811-405C-AEF0-318DF182373F}.Release|x86.ActiveCfg = Release|Any CPU
		{AEEE6909-2811-405C-AEF0-318DF182373F}.Release|x86.Build.0 = Release|Any CPU
		{DE7D40BC-C533-4FFB-B920-F918BD64A99B}.Debug|Any CPU.ActiveCfg = Debug|Any CPU
		{DE7D40BC-C533-4FFB-B920-F918BD64A99B}.Debug|Any CPU.Build.0 = Debug|Any CPU
		{DE7D40BC-C533-4FFB-B920-F918BD64A99B}.Debug|x64.ActiveCfg = Debug|Any CPU
		{DE7D40BC-C533-4FFB-B920-F918BD64A99B}.Debug|x64.Build.0 = Debug|Any CPU
		{DE7D40BC-C533-4FFB-B920-F918BD64A99B}.Debug|x86.ActiveCfg = Debug|Any CPU
		{DE7D40BC-C533-4FFB-B920-F918BD64A99B}.Debug|x86.Build.0 = Debug|Any CPU
		{DE7D40BC-C533-4FFB-B920-F918BD64A99B}.Release|Any CPU.ActiveCfg = Release|Any CPU
		{DE7D40BC-C533-4FFB-B920-F918BD64A99B}.Release|Any CPU.Build.0 = Release|Any CPU
		{DE7D40BC-C533-4FFB-B920-F918BD64A99B}.Release|x64.ActiveCfg = Release|Any CPU
		{DE7D40BC-C533-4FFB-B920-F918BD64A99B}.Release|x64.Build.0 = Release|Any CPU
		{DE7D40BC-C533-4FFB-B920-F918BD64A99B}.Release|x86.ActiveCfg = Release|Any CPU
		{DE7D40BC-C533-4FFB-B920-F918BD64A99B}.Release|x86.Build.0 = Release|Any CPU
		{7D0F6B4A-5938-46C1-997B-0B0F75C05A54}.Debug|Any CPU.ActiveCfg = Debug|Any CPU
		{7D0F6B4A-5938-46C1-997B-0B0F75C05A54}.Debug|Any CPU.Build.0 = Debug|Any CPU
		{7D0F6B4A-5938-46C1-997B-0B0F75C05A54}.Debug|x64.ActiveCfg = Debug|Any CPU
		{7D0F6B4A-5938-46C1-997B-0B0F75C05A54}.Debug|x64.Build.0 = Debug|Any CPU
		{7D0F6B4A-5938-46C1-997B-0B0F75C05A54}.Debug|x86.ActiveCfg = Debug|Any CPU
		{7D0F6B4A-5938-46C1-997B-0B0F75C05A54}.Debug|x86.Build.0 = Debug|Any CPU
		{7D0F6B4A-5938-46C1-997B-0B0F75C05A54}.Release|Any CPU.ActiveCfg = Release|Any CPU
		{7D0F6B4A-5938-46C1-997B-0B0F75C05A54}.Release|Any CPU.Build.0 = Release|Any CPU
		{7D0F6B4A-5938-46C1-997B-0B0F75C05A54}.Release|x64.ActiveCfg = Release|Any CPU
		{7D0F6B4A-5938-46C1-997B-0B0F75C05A54}.Release|x64.Build.0 = Release|Any CPU
		{7D0F6B4A-5938-46C1-997B-0B0F75C05A54}.Release|x86.ActiveCfg = Release|Any CPU
		{7D0F6B4A-5938-46C1-997B-0B0F75C05A54}.Release|x86.Build.0 = Release|Any CPU
		{4FB70CDD-C460-4818-ABF8-BDE8E0C491B6}.Debug|Any CPU.ActiveCfg = Debug|Any CPU
		{4FB70CDD-C460-4818-ABF8-BDE8E0C491B6}.Debug|Any CPU.Build.0 = Debug|Any CPU
		{4FB70CDD-C460-4818-ABF8-BDE8E0C491B6}.Debug|x64.ActiveCfg = Debug|Any CPU
		{4FB70CDD-C460-4818-ABF8-BDE8E0C491B6}.Debug|x64.Build.0 = Debug|Any CPU
		{4FB70CDD-C460-4818-ABF8-BDE8E0C491B6}.Debug|x86.ActiveCfg = Debug|Any CPU
		{4FB70CDD-C460-4818-ABF8-BDE8E0C491B6}.Debug|x86.Build.0 = Debug|Any CPU
		{4FB70CDD-C460-4818-ABF8-BDE8E0C491B6}.Release|Any CPU.ActiveCfg = Release|Any CPU
		{4FB70CDD-C460-4818-ABF8-BDE8E0C491B6}.Release|Any CPU.Build.0 = Release|Any CPU
		{4FB70CDD-C460-4818-ABF8-BDE8E0C491B6}.Release|x64.ActiveCfg = Release|Any CPU
		{4FB70CDD-C460-4818-ABF8-BDE8E0C491B6}.Release|x64.Build.0 = Release|Any CPU
		{4FB70CDD-C460-4818-ABF8-BDE8E0C491B6}.Release|x86.ActiveCfg = Release|Any CPU
		{4FB70CDD-C460-4818-ABF8-BDE8E0C491B6}.Release|x86.Build.0 = Release|Any CPU
		{D476D658-0E65-471D-87C4-2206FDA54539}.Debug|Any CPU.ActiveCfg = Debug|Any CPU
		{D476D658-0E65-471D-87C4-2206FDA54539}.Debug|Any CPU.Build.0 = Debug|Any CPU
		{D476D658-0E65-471D-87C4-2206FDA54539}.Debug|x64.ActiveCfg = Debug|Any CPU
		{D476D658-0E65-471D-87C4-2206FDA54539}.Debug|x64.Build.0 = Debug|Any CPU
		{D476D658-0E65-471D-87C4-2206FDA54539}.Debug|x86.ActiveCfg = Debug|Any CPU
		{D476D658-0E65-471D-87C4-2206FDA54539}.Debug|x86.Build.0 = Debug|Any CPU
		{D476D658-0E65-471D-87C4-2206FDA54539}.Release|Any CPU.ActiveCfg = Release|Any CPU
		{D476D658-0E65-471D-87C4-2206FDA54539}.Release|Any CPU.Build.0 = Release|Any CPU
		{D476D658-0E65-471D-87C4-2206FDA54539}.Release|x64.ActiveCfg = Release|Any CPU
		{D476D658-0E65-471D-87C4-2206FDA54539}.Release|x64.Build.0 = Release|Any CPU
		{D476D658-0E65-471D-87C4-2206FDA54539}.Release|x86.ActiveCfg = Release|Any CPU
		{D476D658-0E65-471D-87C4-2206FDA54539}.Release|x86.Build.0 = Release|Any CPU
		{E40C2D59-5041-4586-8F8E-98C6D093F7AB}.Debug|Any CPU.ActiveCfg = Debug|Any CPU
		{E40C2D59-5041-4586-8F8E-98C6D093F7AB}.Debug|Any CPU.Build.0 = Debug|Any CPU
		{E40C2D59-5041-4586-8F8E-98C6D093F7AB}.Debug|x64.ActiveCfg = Debug|Any CPU
		{E40C2D59-5041-4586-8F8E-98C6D093F7AB}.Debug|x64.Build.0 = Debug|Any CPU
		{E40C2D59-5041-4586-8F8E-98C6D093F7AB}.Debug|x86.ActiveCfg = Debug|Any CPU
		{E40C2D59-5041-4586-8F8E-98C6D093F7AB}.Debug|x86.Build.0 = Debug|Any CPU
		{E40C2D59-5041-4586-8F8E-98C6D093F7AB}.Release|Any CPU.ActiveCfg = Release|Any CPU
		{E40C2D59-5041-4586-8F8E-98C6D093F7AB}.Release|Any CPU.Build.0 = Release|Any CPU
		{E40C2D59-5041-4586-8F8E-98C6D093F7AB}.Release|x64.ActiveCfg = Release|Any CPU
		{E40C2D59-5041-4586-8F8E-98C6D093F7AB}.Release|x64.Build.0 = Release|Any CPU
		{E40C2D59-5041-4586-8F8E-98C6D093F7AB}.Release|x86.ActiveCfg = Release|Any CPU
		{E40C2D59-5041-4586-8F8E-98C6D093F7AB}.Release|x86.Build.0 = Release|Any CPU
		{4801A0E9-CA6B-458F-B0A5-55472EFECF08}.Debug|Any CPU.ActiveCfg = Debug|Any CPU
		{4801A0E9-CA6B-458F-B0A5-55472EFECF08}.Debug|Any CPU.Build.0 = Debug|Any CPU
		{4801A0E9-CA6B-458F-B0A5-55472EFECF08}.Debug|x64.ActiveCfg = Debug|Any CPU
		{4801A0E9-CA6B-458F-B0A5-55472EFECF08}.Debug|x64.Build.0 = Debug|Any CPU
		{4801A0E9-CA6B-458F-B0A5-55472EFECF08}.Debug|x86.ActiveCfg = Debug|Any CPU
		{4801A0E9-CA6B-458F-B0A5-55472EFECF08}.Debug|x86.Build.0 = Debug|Any CPU
		{4801A0E9-CA6B-458F-B0A5-55472EFECF08}.Release|Any CPU.ActiveCfg = Release|Any CPU
		{4801A0E9-CA6B-458F-B0A5-55472EFECF08}.Release|Any CPU.Build.0 = Release|Any CPU
		{4801A0E9-CA6B-458F-B0A5-55472EFECF08}.Release|x64.ActiveCfg = Release|Any CPU
		{4801A0E9-CA6B-458F-B0A5-55472EFECF08}.Release|x64.Build.0 = Release|Any CPU
		{4801A0E9-CA6B-458F-B0A5-55472EFECF08}.Release|x86.ActiveCfg = Release|Any CPU
		{4801A0E9-CA6B-458F-B0A5-55472EFECF08}.Release|x86.Build.0 = Release|Any CPU
		{36BF7049-1E94-4B03-9F2A-94EC76747A37}.Debug|Any CPU.ActiveCfg = Debug|Any CPU
		{36BF7049-1E94-4B03-9F2A-94EC76747A37}.Debug|Any CPU.Build.0 = Debug|Any CPU
		{36BF7049-1E94-4B03-9F2A-94EC76747A37}.Debug|x64.ActiveCfg = Debug|Any CPU
		{36BF7049-1E94-4B03-9F2A-94EC76747A37}.Debug|x64.Build.0 = Debug|Any CPU
		{36BF7049-1E94-4B03-9F2A-94EC76747A37}.Debug|x86.ActiveCfg = Debug|Any CPU
		{36BF7049-1E94-4B03-9F2A-94EC76747A37}.Debug|x86.Build.0 = Debug|Any CPU
		{36BF7049-1E94-4B03-9F2A-94EC76747A37}.Release|Any CPU.ActiveCfg = Release|Any CPU
		{36BF7049-1E94-4B03-9F2A-94EC76747A37}.Release|Any CPU.Build.0 = Release|Any CPU
		{36BF7049-1E94-4B03-9F2A-94EC76747A37}.Release|x64.ActiveCfg = Release|Any CPU
		{36BF7049-1E94-4B03-9F2A-94EC76747A37}.Release|x64.Build.0 = Release|Any CPU
		{36BF7049-1E94-4B03-9F2A-94EC76747A37}.Release|x86.ActiveCfg = Release|Any CPU
		{36BF7049-1E94-4B03-9F2A-94EC76747A37}.Release|x86.Build.0 = Release|Any CPU
		{7DE932E7-AA2F-4D80-A616-36FC8233020E}.Debug|Any CPU.ActiveCfg = Debug|Any CPU
		{7DE932E7-AA2F-4D80-A616-36FC8233020E}.Debug|Any CPU.Build.0 = Debug|Any CPU
		{7DE932E7-AA2F-4D80-A616-36FC8233020E}.Debug|x64.ActiveCfg = Debug|Any CPU
		{7DE932E7-AA2F-4D80-A616-36FC8233020E}.Debug|x64.Build.0 = Debug|Any CPU
		{7DE932E7-AA2F-4D80-A616-36FC8233020E}.Debug|x86.ActiveCfg = Debug|Any CPU
		{7DE932E7-AA2F-4D80-A616-36FC8233020E}.Debug|x86.Build.0 = Debug|Any CPU
		{7DE932E7-AA2F-4D80-A616-36FC8233020E}.Release|Any CPU.ActiveCfg = Release|Any CPU
		{7DE932E7-AA2F-4D80-A616-36FC8233020E}.Release|Any CPU.Build.0 = Release|Any CPU
		{7DE932E7-AA2F-4D80-A616-36FC8233020E}.Release|x64.ActiveCfg = Release|Any CPU
		{7DE932E7-AA2F-4D80-A616-36FC8233020E}.Release|x64.Build.0 = Release|Any CPU
		{7DE932E7-AA2F-4D80-A616-36FC8233020E}.Release|x86.ActiveCfg = Release|Any CPU
		{7DE932E7-AA2F-4D80-A616-36FC8233020E}.Release|x86.Build.0 = Release|Any CPU
		{9789A9A9-9C27-4E6F-B333-B0B2488637C6}.Debug|Any CPU.ActiveCfg = Debug|Any CPU
		{9789A9A9-9C27-4E6F-B333-B0B2488637C6}.Debug|Any CPU.Build.0 = Debug|Any CPU
		{9789A9A9-9C27-4E6F-B333-B0B2488637C6}.Debug|x64.ActiveCfg = Debug|Any CPU
		{9789A9A9-9C27-4E6F-B333-B0B2488637C6}.Debug|x64.Build.0 = Debug|Any CPU
		{9789A9A9-9C27-4E6F-B333-B0B2488637C6}.Debug|x86.ActiveCfg = Debug|Any CPU
		{9789A9A9-9C27-4E6F-B333-B0B2488637C6}.Debug|x86.Build.0 = Debug|Any CPU
		{9789A9A9-9C27-4E6F-B333-B0B2488637C6}.Release|Any CPU.ActiveCfg = Release|Any CPU
		{9789A9A9-9C27-4E6F-B333-B0B2488637C6}.Release|Any CPU.Build.0 = Release|Any CPU
		{9789A9A9-9C27-4E6F-B333-B0B2488637C6}.Release|x64.ActiveCfg = Release|Any CPU
		{9789A9A9-9C27-4E6F-B333-B0B2488637C6}.Release|x64.Build.0 = Release|Any CPU
		{9789A9A9-9C27-4E6F-B333-B0B2488637C6}.Release|x86.ActiveCfg = Release|Any CPU
		{9789A9A9-9C27-4E6F-B333-B0B2488637C6}.Release|x86.Build.0 = Release|Any CPU
	EndGlobalSection
	GlobalSection(SolutionProperties) = preSolution
		HideSolutionNode = FALSE
	EndGlobalSection
	GlobalSection(NestedProjects) = preSolution
		{06C42E2C-A4DB-4CA8-870E-EA84727DF28C} = {C2DD6A0D-F994-42A4-BAFF-1FB972850229}
		{241913CB-0426-4709-A3CF-00665C400DE5} = {F5AE538B-E864-425E-959A-7ED49533482E}
		{E3E588AC-0B8B-4007-8680-95DBBC33457A} = {C2DD6A0D-F994-42A4-BAFF-1FB972850229}
		{00B82E0C-D20C-480B-8F66-9E05CA21D983} = {F5AE538B-E864-425E-959A-7ED49533482E}
		{1242748E-63D9-4CB0-85EB-BF803FCD78A4} = {B236C0BC-2FEF-4F68-8EE3-A6281924D00F}
		{AEEE6909-2811-405C-AEF0-318DF182373F} = {C2DD6A0D-F994-42A4-BAFF-1FB972850229}
		{DE7D40BC-C533-4FFB-B920-F918BD64A99B} = {F5AE538B-E864-425E-959A-7ED49533482E}
		{7D0F6B4A-5938-46C1-997B-0B0F75C05A54} = {C2DD6A0D-F994-42A4-BAFF-1FB972850229}
		{4FB70CDD-C460-4818-ABF8-BDE8E0C491B6} = {F5AE538B-E864-425E-959A-7ED49533482E}
		{D476D658-0E65-471D-87C4-2206FDA54539} = {C2DD6A0D-F994-42A4-BAFF-1FB972850229}
		{E40C2D59-5041-4586-8F8E-98C6D093F7AB} = {F5AE538B-E864-425E-959A-7ED49533482E}
		{4801A0E9-CA6B-458F-B0A5-55472EFECF08} = {C2DD6A0D-F994-42A4-BAFF-1FB972850229}
		{36BF7049-1E94-4B03-9F2A-94EC76747A37} = {F5AE538B-E864-425E-959A-7ED49533482E}
		{7DE932E7-AA2F-4D80-A616-36FC8233020E} = {C2DD6A0D-F994-42A4-BAFF-1FB972850229}
		{9789A9A9-9C27-4E6F-B333-B0B2488637C6} = {F5AE538B-E864-425E-959A-7ED49533482E}
	EndGlobalSection
	GlobalSection(ExtensibilityGlobals) = postSolution
		SolutionGuid = {4D008587-73AC-49F3-A485-00D80DA2B10D}
	EndGlobalSection
EndGlobal
