
Microsoft Visual Studio Solution File, Format Version 12.00
# Visual Studio Version 16
VisualStudioVersion = 16.0.29728.190
MinimumVisualStudioVersion = 15.0.26124.0
Project("{2150E333-8FDC-42A3-9474-1A3956D46DE8}") = "src", "src", "{C2DD6A0D-F994-42A4-BAFF-1FB972850229}"
EndProject
Project("{9A19103F-16F7-4668-BE54-9A1E7A4F7556}") = "ForEvolve.ExceptionFilters.Abstraction", "src\ForEvolve.ExceptionFilters.Abstraction\ForEvolve.ExceptionFilters.Abstraction.csproj", "{06C42E2C-A4DB-4CA8-870E-EA84727DF28C}"
EndProject
Project("{2150E333-8FDC-42A3-9474-1A3956D46DE8}") = "test", "test", "{F5AE538B-E864-425E-959A-7ED49533482E}"
EndProject
Project("{9A19103F-16F7-4668-BE54-9A1E7A4F7556}") = "ForEvolve.ExceptionFilters.Abstraction.Tests", "test\ForEvolve.ExceptionFilters.Abstraction.Tests\ForEvolve.ExceptionFilters.Abstraction.Tests.csproj", "{241913CB-0426-4709-A3CF-00665C400DE5}"
EndProject
Project("{9A19103F-16F7-4668-BE54-9A1E7A4F7556}") = "ForEvolve.ExceptionFilters.AspNetCore", "src\ForEvolve.ExceptionFilters.AspNetCore\ForEvolve.ExceptionFilters.AspNetCore.csproj", "{D11168AF-E390-4165-9E23-D6E00C05C729}"
EndProject
Project("{9A19103F-16F7-4668-BE54-9A1E7A4F7556}") = "ForEvolve.ExceptionFilters.AspNetCore.Tests", "test\ForEvolve.ExceptionFilters.AspNetCore.Tests\ForEvolve.ExceptionFilters.AspNetCore.Tests.csproj", "{944FE611-A72A-4C3F-8F0E-971B2884366F}"
EndProject
Project("{9A19103F-16F7-4668-BE54-9A1E7A4F7556}") = "WebApiSample", "test\WebApiSample\WebApiSample.csproj", "{CAEA2ED8-F2E0-446F-A5AA-A00242786F4E}"
EndProject
Project("{2150E333-8FDC-42A3-9474-1A3956D46DE8}") = "Solution Items", "Solution Items", "{6EB72298-998C-41BA-8FE1-E3FDD71E5870}"
	ProjectSection(SolutionItems) = preProject
		.editorconfig = .editorconfig
	EndProjectSection
EndProject
Global
	GlobalSection(SolutionConfigurationPlatforms) = preSolution
		Debug|Any CPU = Debug|Any CPU
		Debug|x64 = Debug|x64
		Debug|x86 = Debug|x86
		Release|Any CPU = Release|Any CPU
		Release|x64 = Release|x64
		Release|x86 = Release|x86
	EndGlobalSection
	GlobalSection(ProjectConfigurationPlatforms) = postSolution
		{06C42E2C-A4DB-4CA8-870E-EA84727DF28C}.Debug|Any CPU.ActiveCfg = Debug|Any CPU
		{06C42E2C-A4DB-4CA8-870E-EA84727DF28C}.Debug|Any CPU.Build.0 = Debug|Any CPU
		{06C42E2C-A4DB-4CA8-870E-EA84727DF28C}.Debug|x64.ActiveCfg = Debug|Any CPU
		{06C42E2C-A4DB-4CA8-870E-EA84727DF28C}.Debug|x64.Build.0 = Debug|Any CPU
		{06C42E2C-A4DB-4CA8-870E-EA84727DF28C}.Debug|x86.ActiveCfg = Debug|Any CPU
		{06C42E2C-A4DB-4CA8-870E-EA84727DF28C}.Debug|x86.Build.0 = Debug|Any CPU
		{06C42E2C-A4DB-4CA8-870E-EA84727DF28C}.Release|Any CPU.ActiveCfg = Release|Any CPU
		{06C42E2C-A4DB-4CA8-870E-EA84727DF28C}.Release|Any CPU.Build.0 = Release|Any CPU
		{06C42E2C-A4DB-4CA8-870E-EA84727DF28C}.Release|x64.ActiveCfg = Release|Any CPU
		{06C42E2C-A4DB-4CA8-870E-EA84727DF28C}.Release|x64.Build.0 = Release|Any CPU
		{06C42E2C-A4DB-4CA8-870E-EA84727DF28C}.Release|x86.ActiveCfg = Release|Any CPU
		{06C42E2C-A4DB-4CA8-870E-EA84727DF28C}.Release|x86.Build.0 = Release|Any CPU
		{241913CB-0426-4709-A3CF-00665C400DE5}.Debug|Any CPU.ActiveCfg = Debug|Any CPU
		{241913CB-0426-4709-A3CF-00665C400DE5}.Debug|Any CPU.Build.0 = Debug|Any CPU
		{241913CB-0426-4709-A3CF-00665C400DE5}.Debug|x64.ActiveCfg = Debug|Any CPU
		{241913CB-0426-4709-A3CF-00665C400DE5}.Debug|x64.Build.0 = Debug|Any CPU
		{241913CB-0426-4709-A3CF-00665C400DE5}.Debug|x86.ActiveCfg = Debug|Any CPU
		{241913CB-0426-4709-A3CF-00665C400DE5}.Debug|x86.Build.0 = Debug|Any CPU
		{241913CB-0426-4709-A3CF-00665C400DE5}.Release|Any CPU.ActiveCfg = Release|Any CPU
		{241913CB-0426-4709-A3CF-00665C400DE5}.Release|Any CPU.Build.0 = Release|Any CPU
		{241913CB-0426-4709-A3CF-00665C400DE5}.Release|x64.ActiveCfg = Release|Any CPU
		{241913CB-0426-4709-A3CF-00665C400DE5}.Release|x64.Build.0 = Release|Any CPU
		{241913CB-0426-4709-A3CF-00665C400DE5}.Release|x86.ActiveCfg = Release|Any CPU
		{241913CB-0426-4709-A3CF-00665C400DE5}.Release|x86.Build.0 = Release|Any CPU
		{D11168AF-E390-4165-9E23-D6E00C05C729}.Debug|Any CPU.ActiveCfg = Debug|Any CPU
		{D11168AF-E390-4165-9E23-D6E00C05C729}.Debug|Any CPU.Build.0 = Debug|Any CPU
		{D11168AF-E390-4165-9E23-D6E00C05C729}.Debug|x64.ActiveCfg = Debug|Any CPU
		{D11168AF-E390-4165-9E23-D6E00C05C729}.Debug|x64.Build.0 = Debug|Any CPU
		{D11168AF-E390-4165-9E23-D6E00C05C729}.Debug|x86.ActiveCfg = Debug|Any CPU
		{D11168AF-E390-4165-9E23-D6E00C05C729}.Debug|x86.Build.0 = Debug|Any CPU
		{D11168AF-E390-4165-9E23-D6E00C05C729}.Release|Any CPU.ActiveCfg = Release|Any CPU
		{D11168AF-E390-4165-9E23-D6E00C05C729}.Release|Any CPU.Build.0 = Release|Any CPU
		{D11168AF-E390-4165-9E23-D6E00C05C729}.Release|x64.ActiveCfg = Release|Any CPU
		{D11168AF-E390-4165-9E23-D6E00C05C729}.Release|x64.Build.0 = Release|Any CPU
		{D11168AF-E390-4165-9E23-D6E00C05C729}.Release|x86.ActiveCfg = Release|Any CPU
		{D11168AF-E390-4165-9E23-D6E00C05C729}.Release|x86.Build.0 = Release|Any CPU
		{944FE611-A72A-4C3F-8F0E-971B2884366F}.Debug|Any CPU.ActiveCfg = Debug|Any CPU
		{944FE611-A72A-4C3F-8F0E-971B2884366F}.Debug|Any CPU.Build.0 = Debug|Any CPU
		{944FE611-A72A-4C3F-8F0E-971B2884366F}.Debug|x64.ActiveCfg = Debug|Any CPU
		{944FE611-A72A-4C3F-8F0E-971B2884366F}.Debug|x64.Build.0 = Debug|Any CPU
		{944FE611-A72A-4C3F-8F0E-971B2884366F}.Debug|x86.ActiveCfg = Debug|Any CPU
		{944FE611-A72A-4C3F-8F0E-971B2884366F}.Debug|x86.Build.0 = Debug|Any CPU
		{944FE611-A72A-4C3F-8F0E-971B2884366F}.Release|Any CPU.ActiveCfg = Release|Any CPU
		{944FE611-A72A-4C3F-8F0E-971B2884366F}.Release|Any CPU.Build.0 = Release|Any CPU
		{944FE611-A72A-4C3F-8F0E-971B2884366F}.Release|x64.ActiveCfg = Release|Any CPU
		{944FE611-A72A-4C3F-8F0E-971B2884366F}.Release|x64.Build.0 = Release|Any CPU
		{944FE611-A72A-4C3F-8F0E-971B2884366F}.Release|x86.ActiveCfg = Release|Any CPU
		{944FE611-A72A-4C3F-8F0E-971B2884366F}.Release|x86.Build.0 = Release|Any CPU
		{CAEA2ED8-F2E0-446F-A5AA-A00242786F4E}.Debug|Any CPU.ActiveCfg = Debug|Any CPU
		{CAEA2ED8-F2E0-446F-A5AA-A00242786F4E}.Debug|Any CPU.Build.0 = Debug|Any CPU
		{CAEA2ED8-F2E0-446F-A5AA-A00242786F4E}.Debug|x64.ActiveCfg = Debug|Any CPU
		{CAEA2ED8-F2E0-446F-A5AA-A00242786F4E}.Debug|x64.Build.0 = Debug|Any CPU
		{CAEA2ED8-F2E0-446F-A5AA-A00242786F4E}.Debug|x86.ActiveCfg = Debug|Any CPU
		{CAEA2ED8-F2E0-446F-A5AA-A00242786F4E}.Debug|x86.Build.0 = Debug|Any CPU
		{CAEA2ED8-F2E0-446F-A5AA-A00242786F4E}.Release|Any CPU.ActiveCfg = Release|Any CPU
		{CAEA2ED8-F2E0-446F-A5AA-A00242786F4E}.Release|Any CPU.Build.0 = Release|Any CPU
		{CAEA2ED8-F2E0-446F-A5AA-A00242786F4E}.Release|x64.ActiveCfg = Release|Any CPU
		{CAEA2ED8-F2E0-446F-A5AA-A00242786F4E}.Release|x64.Build.0 = Release|Any CPU
		{CAEA2ED8-F2E0-446F-A5AA-A00242786F4E}.Release|x86.ActiveCfg = Release|Any CPU
		{CAEA2ED8-F2E0-446F-A5AA-A00242786F4E}.Release|x86.Build.0 = Release|Any CPU
	EndGlobalSection
	GlobalSection(SolutionProperties) = preSolution
		HideSolutionNode = FALSE
	EndGlobalSection
	GlobalSection(NestedProjects) = preSolution
		{06C42E2C-A4DB-4CA8-870E-EA84727DF28C} = {C2DD6A0D-F994-42A4-BAFF-1FB972850229}
		{241913CB-0426-4709-A3CF-00665C400DE5} = {F5AE538B-E864-425E-959A-7ED49533482E}
		{D11168AF-E390-4165-9E23-D6E00C05C729} = {C2DD6A0D-F994-42A4-BAFF-1FB972850229}
		{944FE611-A72A-4C3F-8F0E-971B2884366F} = {F5AE538B-E864-425E-959A-7ED49533482E}
		{CAEA2ED8-F2E0-446F-A5AA-A00242786F4E} = {F5AE538B-E864-425E-959A-7ED49533482E}
	EndGlobalSection
	GlobalSection(ExtensibilityGlobals) = postSolution
		SolutionGuid = {4D008587-73AC-49F3-A485-00D80DA2B10D}
	EndGlobalSection
EndGlobal
